
Microsoft Visual Studio Solution File, Format Version 12.00
# Visual Studio Version 17
VisualStudioVersion = 17.5.002.0
MinimumVisualStudioVersion = 10.0.40219.1
Project("{9A19103F-16F7-4668-BE54-9A1E7A4F7556}") = "WORK", "WORKignor\WORK.csproj", "{E5C7A720-E33F-41D2-BCFF-928FA956A24E}"
EndProject
Project("{2150E333-8FDC-42A3-9474-1A3956D46DE8}") = "HOMEWORK", "HOMEWORK", "{512D3280-46FC-48B9-A92A-FA76D9AB2A41}"
EndProject
Project("{9A19103F-16F7-4668-BE54-9A1E7A4F7556}") = "HomeWork001", "HOMEWORK\HomeWork001Task2\HomeWork001.csproj", "{D0C22EA9-B1B0-48FF-823F-BDF6D43618C1}"
EndProject
Project("{9A19103F-16F7-4668-BE54-9A1E7A4F7556}") = "HomeWork001Task4", "HOMEWORK\HomeWork001Task4\HomeWork001Task4.csproj", "{C08C3CDC-BAF6-4D58-8463-2898A5AA25F7}"
EndProject
Project("{9A19103F-16F7-4668-BE54-9A1E7A4F7556}") = "HomeWork001Task6", "HOMEWORK\HomeWork001Task6\HomeWork001Task6.csproj", "{3C08BD12-0C1B-4FE7-B913-DDCDF57EE26F}"
EndProject
Project("{9A19103F-16F7-4668-BE54-9A1E7A4F7556}") = "HomWroK001Task8", "HOMEWORK\HomeWorK001Task8\HomWroK001Task8.csproj", "{DE9B6EC5-0722-4F27-9AE2-CB1181096B02}"
EndProject
Project("{9A19103F-16F7-4668-BE54-9A1E7A4F7556}") = "HomeWork002task10", "HOMEWORK\HomeWork002Task10\HomeWork002task10.csproj", "{CD6C0F3B-7FFD-47DD-AC3C-5FEFE428ED12}"
EndProject
Project("{9A19103F-16F7-4668-BE54-9A1E7A4F7556}") = "HomeWork002Task13", "HOMEWORK\HomeWork002Task13\HomeWork002Task13.csproj", "{A87ADDA4-2D25-4EC8-A0E6-4E042DC506F3}"
EndProject
Project("{9A19103F-16F7-4668-BE54-9A1E7A4F7556}") = "HomeWork002Task15", "HOMEWORK\HomeWork002Task15\HomeWork002Task15.csproj", "{F18C545E-609F-4419-AA09-5831E84D37C8}"
EndProject
Project("{9A19103F-16F7-4668-BE54-9A1E7A4F7556}") = "HomeWork003Task19", "HOMEWORK\HomeWork003Task19\HomeWork003Task19.csproj", "{5A4FFCD5-9745-42CC-A1C2-538371731CFF}"
EndProject
Project("{9A19103F-16F7-4668-BE54-9A1E7A4F7556}") = "HomeWork004Task25", "HOMEWORK\HomeWork004Task25\HomeWork004Task25.csproj", "{F17F97D4-8E27-4633-B772-5DC325CB8862}"
EndProject
Project("{9A19103F-16F7-4668-BE54-9A1E7A4F7556}") = "HomeWork004task27", "HOMEWORK\HomeWork004task27\HomeWork004task27.csproj", "{73B262D5-1E7C-4DD0-9A28-62742BD900C8}"
EndProject
Project("{9A19103F-16F7-4668-BE54-9A1E7A4F7556}") = "HomeWork004Task29", "HOMEWORK\HomeWork004Task29\HomeWork004Task29.csproj", "{56957F63-8FD4-49AE-8349-AEA7647F9E2A}"
EndProject
Project("{9A19103F-16F7-4668-BE54-9A1E7A4F7556}") = "HomeWork006Task41", "HOMEWORK\HomeWork006Task41\HomeWork006Task41.csproj", "{EB44FB7C-844F-4BB6-9190-CF0FCB39810A}"
EndProject
Project("{2150E333-8FDC-42A3-9474-1A3956D46DE8}") = "TASKS", "TASKS", "{3A503306-BD41-4C12-8179-8C175B64352B}"
EndProject
Project("{9A19103F-16F7-4668-BE54-9A1E7A4F7556}") = "task001", "TASKS\task001\task001.csproj", "{74046B5F-96BD-4ADD-B227-349DD23FBFFD}"
EndProject
Project("{9A19103F-16F7-4668-BE54-9A1E7A4F7556}") = "task002", "TASKS\task002\task002.csproj", "{4048AD5E-E6F3-429A-A4C1-78B9233BF0FD}"
EndProject
Project("{9A19103F-16F7-4668-BE54-9A1E7A4F7556}") = "task003", "TASKS\task003\task003.csproj", "{194CF8DF-2C3C-4ED5-A707-A49BD254CFD5}"
EndProject
Project("{9A19103F-16F7-4668-BE54-9A1E7A4F7556}") = "task04", "TASKS\task004\task04.csproj", "{70525C60-BDDA-4898-99C7-4CED5DE89209}"
EndProject
Project("{9A19103F-16F7-4668-BE54-9A1E7A4F7556}") = "task005", "TASKS\task005\task005.csproj", "{614406A8-6567-4D15-A18C-9D6B6F665E12}"
EndProject
Project("{9A19103F-16F7-4668-BE54-9A1E7A4F7556}") = "003task001", "TASKS\task018\003task001.csproj", "{6E915A76-2241-4AAD-99CA-66ADF6D85F24}"
EndProject
Project("{9A19103F-16F7-4668-BE54-9A1E7A4F7556}") = "task020", "TASKS\task020\task020.csproj", "{0F24C5CE-727C-4D16-ABD9-40F2FCFDADCB}"
EndProject
Project("{9A19103F-16F7-4668-BE54-9A1E7A4F7556}") = "task022", "TASKS\task022\task022.csproj", "{51D57009-EA69-43C6-B8F7-1227FFF7EDD7}"
EndProject
Project("{9A19103F-16F7-4668-BE54-9A1E7A4F7556}") = "task024", "TASKS\task024\task024.csproj", "{3D0A60F6-F99C-41AE-A15B-EF47FBBA385B}"
EndProject
Project("{9A19103F-16F7-4668-BE54-9A1E7A4F7556}") = "tassk026", "TASKS\task026\tassk026.csproj", "{570BDA1D-E6F0-43C6-9632-E1CA1AD698CA}"
EndProject
Project("{9A19103F-16F7-4668-BE54-9A1E7A4F7556}") = "task028", "TASKS\task028\task028.csproj", "{E56DFA00-CE20-43A3-BCB0-200CB6E3D826}"
EndProject
Project("{9A19103F-16F7-4668-BE54-9A1E7A4F7556}") = "task030", "TASKS\task030\task030.csproj", "{D328198A-51A9-41AF-98A1-3E2D657BA405}"
EndProject
Project("{9A19103F-16F7-4668-BE54-9A1E7A4F7556}") = "task031", "TASKS\task031\task031.csproj", "{D2E6E369-3000-4964-BA4B-69EE19CDB6F0}"
EndProject
Project("{9A19103F-16F7-4668-BE54-9A1E7A4F7556}") = "task032", "TASKS\task032\task032.csproj", "{30D930A7-28B9-4AFB-A68F-17A428495B98}"
EndProject
Project("{9A19103F-16F7-4668-BE54-9A1E7A4F7556}") = "task033", "TASKS\task033\task033.csproj", "{667FCA2F-3CDE-475C-A419-9D7D5A9D4EC0}"
EndProject
Project("{9A19103F-16F7-4668-BE54-9A1E7A4F7556}") = "task035", "TASKS\task035\task035.csproj", "{62309A89-28AF-4AF4-BC0C-E0F36656C072}"
EndProject
Project("{9A19103F-16F7-4668-BE54-9A1E7A4F7556}") = "task037", "TASKS\task037\task037.csproj", "{1FD42924-31FB-4F86-BD7A-C7807648F7B9}"
EndProject
Project("{9A19103F-16F7-4668-BE54-9A1E7A4F7556}") = "task039", "TASKS\task039\task039.csproj", "{1AD300EC-0BD3-4A75-9B81-8245C437829F}"
EndProject
Project("{9A19103F-16F7-4668-BE54-9A1E7A4F7556}") = "task040", "TASKS\task040\task040.csproj", "{4D22462C-C23B-4633-8212-6E2678528C2B}"
EndProject
Project("{9A19103F-16F7-4668-BE54-9A1E7A4F7556}") = "task042", "TASKS\task042\task042.csproj", "{7E4E8F5B-1CAC-429E-A953-5E505553133D}"
EndProject
Project("{2150E333-8FDC-42A3-9474-1A3956D46DE8}") = "WORK007", "WORK007", "{04A3211F-97F1-4A4F-9F88-A3506D5C855F}"
EndProject
Project("{9A19103F-16F7-4668-BE54-9A1E7A4F7556}") = "task046", "WORK007\task046\task046.csproj", "{94D6C1E5-409F-49F3-8BCC-9ECFC4950647}"
EndProject
Project("{9A19103F-16F7-4668-BE54-9A1E7A4F7556}") = "task048", "WORK007\task048\task048.csproj", "{059BCD23-CCC7-442C-B925-130B37F0E3C1}"
EndProject
Project("{9A19103F-16F7-4668-BE54-9A1E7A4F7556}") = "task049", "WORK007\task049\task049.csproj", "{F9AFD65D-BC9F-4E8F-9666-96D47201E504}"
EndProject
Project("{9A19103F-16F7-4668-BE54-9A1E7A4F7556}") = "task051", "WORK007\task051\task051.csproj", "{93A327A2-4626-4175-A82D-702C47CBAF15}"
EndProject
Global
	GlobalSection(SolutionConfigurationPlatforms) = preSolution
		Debug|Any CPU = Debug|Any CPU
		Release|Any CPU = Release|Any CPU
	EndGlobalSection
	GlobalSection(ProjectConfigurationPlatforms) = postSolution
		{E5C7A720-E33F-41D2-BCFF-928FA956A24E}.Debug|Any CPU.ActiveCfg = Debug|Any CPU
		{E5C7A720-E33F-41D2-BCFF-928FA956A24E}.Debug|Any CPU.Build.0 = Debug|Any CPU
		{E5C7A720-E33F-41D2-BCFF-928FA956A24E}.Release|Any CPU.ActiveCfg = Release|Any CPU
		{E5C7A720-E33F-41D2-BCFF-928FA956A24E}.Release|Any CPU.Build.0 = Release|Any CPU
		{D0C22EA9-B1B0-48FF-823F-BDF6D43618C1}.Debug|Any CPU.ActiveCfg = Debug|Any CPU
		{D0C22EA9-B1B0-48FF-823F-BDF6D43618C1}.Debug|Any CPU.Build.0 = Debug|Any CPU
		{D0C22EA9-B1B0-48FF-823F-BDF6D43618C1}.Release|Any CPU.ActiveCfg = Release|Any CPU
		{D0C22EA9-B1B0-48FF-823F-BDF6D43618C1}.Release|Any CPU.Build.0 = Release|Any CPU
		{C08C3CDC-BAF6-4D58-8463-2898A5AA25F7}.Debug|Any CPU.ActiveCfg = Debug|Any CPU
		{C08C3CDC-BAF6-4D58-8463-2898A5AA25F7}.Debug|Any CPU.Build.0 = Debug|Any CPU
		{C08C3CDC-BAF6-4D58-8463-2898A5AA25F7}.Release|Any CPU.ActiveCfg = Release|Any CPU
		{C08C3CDC-BAF6-4D58-8463-2898A5AA25F7}.Release|Any CPU.Build.0 = Release|Any CPU
		{3C08BD12-0C1B-4FE7-B913-DDCDF57EE26F}.Debug|Any CPU.ActiveCfg = Debug|Any CPU
		{3C08BD12-0C1B-4FE7-B913-DDCDF57EE26F}.Debug|Any CPU.Build.0 = Debug|Any CPU
		{3C08BD12-0C1B-4FE7-B913-DDCDF57EE26F}.Release|Any CPU.ActiveCfg = Release|Any CPU
		{3C08BD12-0C1B-4FE7-B913-DDCDF57EE26F}.Release|Any CPU.Build.0 = Release|Any CPU
		{DE9B6EC5-0722-4F27-9AE2-CB1181096B02}.Debug|Any CPU.ActiveCfg = Debug|Any CPU
		{DE9B6EC5-0722-4F27-9AE2-CB1181096B02}.Debug|Any CPU.Build.0 = Debug|Any CPU
		{DE9B6EC5-0722-4F27-9AE2-CB1181096B02}.Release|Any CPU.ActiveCfg = Release|Any CPU
		{DE9B6EC5-0722-4F27-9AE2-CB1181096B02}.Release|Any CPU.Build.0 = Release|Any CPU
		{CD6C0F3B-7FFD-47DD-AC3C-5FEFE428ED12}.Debug|Any CPU.ActiveCfg = Debug|Any CPU
		{CD6C0F3B-7FFD-47DD-AC3C-5FEFE428ED12}.Debug|Any CPU.Build.0 = Debug|Any CPU
		{CD6C0F3B-7FFD-47DD-AC3C-5FEFE428ED12}.Release|Any CPU.ActiveCfg = Release|Any CPU
		{CD6C0F3B-7FFD-47DD-AC3C-5FEFE428ED12}.Release|Any CPU.Build.0 = Release|Any CPU
		{A87ADDA4-2D25-4EC8-A0E6-4E042DC506F3}.Debug|Any CPU.ActiveCfg = Debug|Any CPU
		{A87ADDA4-2D25-4EC8-A0E6-4E042DC506F3}.Debug|Any CPU.Build.0 = Debug|Any CPU
		{A87ADDA4-2D25-4EC8-A0E6-4E042DC506F3}.Release|Any CPU.ActiveCfg = Release|Any CPU
		{A87ADDA4-2D25-4EC8-A0E6-4E042DC506F3}.Release|Any CPU.Build.0 = Release|Any CPU
		{F18C545E-609F-4419-AA09-5831E84D37C8}.Debug|Any CPU.ActiveCfg = Debug|Any CPU
		{F18C545E-609F-4419-AA09-5831E84D37C8}.Debug|Any CPU.Build.0 = Debug|Any CPU
		{F18C545E-609F-4419-AA09-5831E84D37C8}.Release|Any CPU.ActiveCfg = Release|Any CPU
		{F18C545E-609F-4419-AA09-5831E84D37C8}.Release|Any CPU.Build.0 = Release|Any CPU
		{5A4FFCD5-9745-42CC-A1C2-538371731CFF}.Debug|Any CPU.ActiveCfg = Debug|Any CPU
		{5A4FFCD5-9745-42CC-A1C2-538371731CFF}.Debug|Any CPU.Build.0 = Debug|Any CPU
		{5A4FFCD5-9745-42CC-A1C2-538371731CFF}.Release|Any CPU.ActiveCfg = Release|Any CPU
		{5A4FFCD5-9745-42CC-A1C2-538371731CFF}.Release|Any CPU.Build.0 = Release|Any CPU
		{F17F97D4-8E27-4633-B772-5DC325CB8862}.Debug|Any CPU.ActiveCfg = Debug|Any CPU
		{F17F97D4-8E27-4633-B772-5DC325CB8862}.Debug|Any CPU.Build.0 = Debug|Any CPU
		{F17F97D4-8E27-4633-B772-5DC325CB8862}.Release|Any CPU.ActiveCfg = Release|Any CPU
		{F17F97D4-8E27-4633-B772-5DC325CB8862}.Release|Any CPU.Build.0 = Release|Any CPU
		{73B262D5-1E7C-4DD0-9A28-62742BD900C8}.Debug|Any CPU.ActiveCfg = Debug|Any CPU
		{73B262D5-1E7C-4DD0-9A28-62742BD900C8}.Debug|Any CPU.Build.0 = Debug|Any CPU
		{73B262D5-1E7C-4DD0-9A28-62742BD900C8}.Release|Any CPU.ActiveCfg = Release|Any CPU
		{73B262D5-1E7C-4DD0-9A28-62742BD900C8}.Release|Any CPU.Build.0 = Release|Any CPU
		{56957F63-8FD4-49AE-8349-AEA7647F9E2A}.Debug|Any CPU.ActiveCfg = Debug|Any CPU
		{56957F63-8FD4-49AE-8349-AEA7647F9E2A}.Debug|Any CPU.Build.0 = Debug|Any CPU
		{56957F63-8FD4-49AE-8349-AEA7647F9E2A}.Release|Any CPU.ActiveCfg = Release|Any CPU
		{56957F63-8FD4-49AE-8349-AEA7647F9E2A}.Release|Any CPU.Build.0 = Release|Any CPU
		{EB44FB7C-844F-4BB6-9190-CF0FCB39810A}.Debug|Any CPU.ActiveCfg = Debug|Any CPU
		{EB44FB7C-844F-4BB6-9190-CF0FCB39810A}.Debug|Any CPU.Build.0 = Debug|Any CPU
		{EB44FB7C-844F-4BB6-9190-CF0FCB39810A}.Release|Any CPU.ActiveCfg = Release|Any CPU
		{EB44FB7C-844F-4BB6-9190-CF0FCB39810A}.Release|Any CPU.Build.0 = Release|Any CPU
		{74046B5F-96BD-4ADD-B227-349DD23FBFFD}.Debug|Any CPU.ActiveCfg = Debug|Any CPU
		{74046B5F-96BD-4ADD-B227-349DD23FBFFD}.Debug|Any CPU.Build.0 = Debug|Any CPU
		{74046B5F-96BD-4ADD-B227-349DD23FBFFD}.Release|Any CPU.ActiveCfg = Release|Any CPU
		{74046B5F-96BD-4ADD-B227-349DD23FBFFD}.Release|Any CPU.Build.0 = Release|Any CPU
		{4048AD5E-E6F3-429A-A4C1-78B9233BF0FD}.Debug|Any CPU.ActiveCfg = Debug|Any CPU
		{4048AD5E-E6F3-429A-A4C1-78B9233BF0FD}.Debug|Any CPU.Build.0 = Debug|Any CPU
		{4048AD5E-E6F3-429A-A4C1-78B9233BF0FD}.Release|Any CPU.ActiveCfg = Release|Any CPU
		{4048AD5E-E6F3-429A-A4C1-78B9233BF0FD}.Release|Any CPU.Build.0 = Release|Any CPU
		{194CF8DF-2C3C-4ED5-A707-A49BD254CFD5}.Debug|Any CPU.ActiveCfg = Debug|Any CPU
		{194CF8DF-2C3C-4ED5-A707-A49BD254CFD5}.Debug|Any CPU.Build.0 = Debug|Any CPU
		{194CF8DF-2C3C-4ED5-A707-A49BD254CFD5}.Release|Any CPU.ActiveCfg = Release|Any CPU
		{194CF8DF-2C3C-4ED5-A707-A49BD254CFD5}.Release|Any CPU.Build.0 = Release|Any CPU
		{70525C60-BDDA-4898-99C7-4CED5DE89209}.Debug|Any CPU.ActiveCfg = Debug|Any CPU
		{70525C60-BDDA-4898-99C7-4CED5DE89209}.Debug|Any CPU.Build.0 = Debug|Any CPU
		{70525C60-BDDA-4898-99C7-4CED5DE89209}.Release|Any CPU.ActiveCfg = Release|Any CPU
		{70525C60-BDDA-4898-99C7-4CED5DE89209}.Release|Any CPU.Build.0 = Release|Any CPU
		{614406A8-6567-4D15-A18C-9D6B6F665E12}.Debug|Any CPU.ActiveCfg = Debug|Any CPU
		{614406A8-6567-4D15-A18C-9D6B6F665E12}.Debug|Any CPU.Build.0 = Debug|Any CPU
		{614406A8-6567-4D15-A18C-9D6B6F665E12}.Release|Any CPU.ActiveCfg = Release|Any CPU
		{614406A8-6567-4D15-A18C-9D6B6F665E12}.Release|Any CPU.Build.0 = Release|Any CPU
		{6E915A76-2241-4AAD-99CA-66ADF6D85F24}.Debug|Any CPU.ActiveCfg = Debug|Any CPU
		{6E915A76-2241-4AAD-99CA-66ADF6D85F24}.Debug|Any CPU.Build.0 = Debug|Any CPU
		{6E915A76-2241-4AAD-99CA-66ADF6D85F24}.Release|Any CPU.ActiveCfg = Release|Any CPU
		{6E915A76-2241-4AAD-99CA-66ADF6D85F24}.Release|Any CPU.Build.0 = Release|Any CPU
		{0F24C5CE-727C-4D16-ABD9-40F2FCFDADCB}.Debug|Any CPU.ActiveCfg = Debug|Any CPU
		{0F24C5CE-727C-4D16-ABD9-40F2FCFDADCB}.Debug|Any CPU.Build.0 = Debug|Any CPU
		{0F24C5CE-727C-4D16-ABD9-40F2FCFDADCB}.Release|Any CPU.ActiveCfg = Release|Any CPU
		{0F24C5CE-727C-4D16-ABD9-40F2FCFDADCB}.Release|Any CPU.Build.0 = Release|Any CPU
		{51D57009-EA69-43C6-B8F7-1227FFF7EDD7}.Debug|Any CPU.ActiveCfg = Debug|Any CPU
		{51D57009-EA69-43C6-B8F7-1227FFF7EDD7}.Debug|Any CPU.Build.0 = Debug|Any CPU
		{51D57009-EA69-43C6-B8F7-1227FFF7EDD7}.Release|Any CPU.ActiveCfg = Release|Any CPU
		{51D57009-EA69-43C6-B8F7-1227FFF7EDD7}.Release|Any CPU.Build.0 = Release|Any CPU
		{3D0A60F6-F99C-41AE-A15B-EF47FBBA385B}.Debug|Any CPU.ActiveCfg = Debug|Any CPU
		{3D0A60F6-F99C-41AE-A15B-EF47FBBA385B}.Debug|Any CPU.Build.0 = Debug|Any CPU
		{3D0A60F6-F99C-41AE-A15B-EF47FBBA385B}.Release|Any CPU.ActiveCfg = Release|Any CPU
		{3D0A60F6-F99C-41AE-A15B-EF47FBBA385B}.Release|Any CPU.Build.0 = Release|Any CPU
		{570BDA1D-E6F0-43C6-9632-E1CA1AD698CA}.Debug|Any CPU.ActiveCfg = Debug|Any CPU
		{570BDA1D-E6F0-43C6-9632-E1CA1AD698CA}.Debug|Any CPU.Build.0 = Debug|Any CPU
		{570BDA1D-E6F0-43C6-9632-E1CA1AD698CA}.Release|Any CPU.ActiveCfg = Release|Any CPU
		{570BDA1D-E6F0-43C6-9632-E1CA1AD698CA}.Release|Any CPU.Build.0 = Release|Any CPU
		{E56DFA00-CE20-43A3-BCB0-200CB6E3D826}.Debug|Any CPU.ActiveCfg = Debug|Any CPU
		{E56DFA00-CE20-43A3-BCB0-200CB6E3D826}.Debug|Any CPU.Build.0 = Debug|Any CPU
		{E56DFA00-CE20-43A3-BCB0-200CB6E3D826}.Release|Any CPU.ActiveCfg = Release|Any CPU
		{E56DFA00-CE20-43A3-BCB0-200CB6E3D826}.Release|Any CPU.Build.0 = Release|Any CPU
		{D328198A-51A9-41AF-98A1-3E2D657BA405}.Debug|Any CPU.ActiveCfg = Debug|Any CPU
		{D328198A-51A9-41AF-98A1-3E2D657BA405}.Debug|Any CPU.Build.0 = Debug|Any CPU
		{D328198A-51A9-41AF-98A1-3E2D657BA405}.Release|Any CPU.ActiveCfg = Release|Any CPU
		{D328198A-51A9-41AF-98A1-3E2D657BA405}.Release|Any CPU.Build.0 = Release|Any CPU
		{D2E6E369-3000-4964-BA4B-69EE19CDB6F0}.Debug|Any CPU.ActiveCfg = Debug|Any CPU
		{D2E6E369-3000-4964-BA4B-69EE19CDB6F0}.Debug|Any CPU.Build.0 = Debug|Any CPU
		{D2E6E369-3000-4964-BA4B-69EE19CDB6F0}.Release|Any CPU.ActiveCfg = Release|Any CPU
		{D2E6E369-3000-4964-BA4B-69EE19CDB6F0}.Release|Any CPU.Build.0 = Release|Any CPU
		{30D930A7-28B9-4AFB-A68F-17A428495B98}.Debug|Any CPU.ActiveCfg = Debug|Any CPU
		{30D930A7-28B9-4AFB-A68F-17A428495B98}.Debug|Any CPU.Build.0 = Debug|Any CPU
		{30D930A7-28B9-4AFB-A68F-17A428495B98}.Release|Any CPU.ActiveCfg = Release|Any CPU
		{30D930A7-28B9-4AFB-A68F-17A428495B98}.Release|Any CPU.Build.0 = Release|Any CPU
		{667FCA2F-3CDE-475C-A419-9D7D5A9D4EC0}.Debug|Any CPU.ActiveCfg = Debug|Any CPU
		{667FCA2F-3CDE-475C-A419-9D7D5A9D4EC0}.Debug|Any CPU.Build.0 = Debug|Any CPU
		{667FCA2F-3CDE-475C-A419-9D7D5A9D4EC0}.Release|Any CPU.ActiveCfg = Release|Any CPU
		{667FCA2F-3CDE-475C-A419-9D7D5A9D4EC0}.Release|Any CPU.Build.0 = Release|Any CPU
		{62309A89-28AF-4AF4-BC0C-E0F36656C072}.Debug|Any CPU.ActiveCfg = Debug|Any CPU
		{62309A89-28AF-4AF4-BC0C-E0F36656C072}.Debug|Any CPU.Build.0 = Debug|Any CPU
		{62309A89-28AF-4AF4-BC0C-E0F36656C072}.Release|Any CPU.ActiveCfg = Release|Any CPU
		{62309A89-28AF-4AF4-BC0C-E0F36656C072}.Release|Any CPU.Build.0 = Release|Any CPU
		{1FD42924-31FB-4F86-BD7A-C7807648F7B9}.Debug|Any CPU.ActiveCfg = Debug|Any CPU
		{1FD42924-31FB-4F86-BD7A-C7807648F7B9}.Debug|Any CPU.Build.0 = Debug|Any CPU
		{1FD42924-31FB-4F86-BD7A-C7807648F7B9}.Release|Any CPU.ActiveCfg = Release|Any CPU
		{1FD42924-31FB-4F86-BD7A-C7807648F7B9}.Release|Any CPU.Build.0 = Release|Any CPU
		{1AD300EC-0BD3-4A75-9B81-8245C437829F}.Debug|Any CPU.ActiveCfg = Debug|Any CPU
		{1AD300EC-0BD3-4A75-9B81-8245C437829F}.Debug|Any CPU.Build.0 = Debug|Any CPU
		{1AD300EC-0BD3-4A75-9B81-8245C437829F}.Release|Any CPU.ActiveCfg = Release|Any CPU
		{1AD300EC-0BD3-4A75-9B81-8245C437829F}.Release|Any CPU.Build.0 = Release|Any CPU
		{4D22462C-C23B-4633-8212-6E2678528C2B}.Debug|Any CPU.ActiveCfg = Debug|Any CPU
		{4D22462C-C23B-4633-8212-6E2678528C2B}.Debug|Any CPU.Build.0 = Debug|Any CPU
		{4D22462C-C23B-4633-8212-6E2678528C2B}.Release|Any CPU.ActiveCfg = Release|Any CPU
		{4D22462C-C23B-4633-8212-6E2678528C2B}.Release|Any CPU.Build.0 = Release|Any CPU
		{7E4E8F5B-1CAC-429E-A953-5E505553133D}.Debug|Any CPU.ActiveCfg = Debug|Any CPU
		{7E4E8F5B-1CAC-429E-A953-5E505553133D}.Debug|Any CPU.Build.0 = Debug|Any CPU
		{7E4E8F5B-1CAC-429E-A953-5E505553133D}.Release|Any CPU.ActiveCfg = Release|Any CPU
		{7E4E8F5B-1CAC-429E-A953-5E505553133D}.Release|Any CPU.Build.0 = Release|Any CPU
		{94D6C1E5-409F-49F3-8BCC-9ECFC4950647}.Debug|Any CPU.ActiveCfg = Debug|Any CPU
		{94D6C1E5-409F-49F3-8BCC-9ECFC4950647}.Debug|Any CPU.Build.0 = Debug|Any CPU
		{94D6C1E5-409F-49F3-8BCC-9ECFC4950647}.Release|Any CPU.ActiveCfg = Release|Any CPU
		{94D6C1E5-409F-49F3-8BCC-9ECFC4950647}.Release|Any CPU.Build.0 = Release|Any CPU
		{059BCD23-CCC7-442C-B925-130B37F0E3C1}.Debug|Any CPU.ActiveCfg = Debug|Any CPU
		{059BCD23-CCC7-442C-B925-130B37F0E3C1}.Debug|Any CPU.Build.0 = Debug|Any CPU
		{059BCD23-CCC7-442C-B925-130B37F0E3C1}.Release|Any CPU.ActiveCfg = Release|Any CPU
		{059BCD23-CCC7-442C-B925-130B37F0E3C1}.Release|Any CPU.Build.0 = Release|Any CPU
		{F9AFD65D-BC9F-4E8F-9666-96D47201E504}.Debug|Any CPU.ActiveCfg = Debug|Any CPU
		{F9AFD65D-BC9F-4E8F-9666-96D47201E504}.Debug|Any CPU.Build.0 = Debug|Any CPU
		{F9AFD65D-BC9F-4E8F-9666-96D47201E504}.Release|Any CPU.ActiveCfg = Release|Any CPU
		{F9AFD65D-BC9F-4E8F-9666-96D47201E504}.Release|Any CPU.Build.0 = Release|Any CPU
		{93A327A2-4626-4175-A82D-702C47CBAF15}.Debug|Any CPU.ActiveCfg = Debug|Any CPU
		{93A327A2-4626-4175-A82D-702C47CBAF15}.Debug|Any CPU.Build.0 = Debug|Any CPU
		{93A327A2-4626-4175-A82D-702C47CBAF15}.Release|Any CPU.ActiveCfg = Release|Any CPU
		{93A327A2-4626-4175-A82D-702C47CBAF15}.Release|Any CPU.Build.0 = Release|Any CPU
	EndGlobalSection
	GlobalSection(SolutionProperties) = preSolution
		HideSolutionNode = FALSE
	EndGlobalSection
	GlobalSection(NestedProjects) = preSolution
		{D0C22EA9-B1B0-48FF-823F-BDF6D43618C1} = {512D3280-46FC-48B9-A92A-FA76D9AB2A41}
		{C08C3CDC-BAF6-4D58-8463-2898A5AA25F7} = {512D3280-46FC-48B9-A92A-FA76D9AB2A41}
		{3C08BD12-0C1B-4FE7-B913-DDCDF57EE26F} = {512D3280-46FC-48B9-A92A-FA76D9AB2A41}
		{DE9B6EC5-0722-4F27-9AE2-CB1181096B02} = {512D3280-46FC-48B9-A92A-FA76D9AB2A41}
		{CD6C0F3B-7FFD-47DD-AC3C-5FEFE428ED12} = {512D3280-46FC-48B9-A92A-FA76D9AB2A41}
		{A87ADDA4-2D25-4EC8-A0E6-4E042DC506F3} = {512D3280-46FC-48B9-A92A-FA76D9AB2A41}
		{F18C545E-609F-4419-AA09-5831E84D37C8} = {512D3280-46FC-48B9-A92A-FA76D9AB2A41}
		{5A4FFCD5-9745-42CC-A1C2-538371731CFF} = {512D3280-46FC-48B9-A92A-FA76D9AB2A41}
		{F17F97D4-8E27-4633-B772-5DC325CB8862} = {512D3280-46FC-48B9-A92A-FA76D9AB2A41}
		{73B262D5-1E7C-4DD0-9A28-62742BD900C8} = {512D3280-46FC-48B9-A92A-FA76D9AB2A41}
		{56957F63-8FD4-49AE-8349-AEA7647F9E2A} = {512D3280-46FC-48B9-A92A-FA76D9AB2A41}
		{EB44FB7C-844F-4BB6-9190-CF0FCB39810A} = {512D3280-46FC-48B9-A92A-FA76D9AB2A41}
		{74046B5F-96BD-4ADD-B227-349DD23FBFFD} = {3A503306-BD41-4C12-8179-8C175B64352B}
		{4048AD5E-E6F3-429A-A4C1-78B9233BF0FD} = {3A503306-BD41-4C12-8179-8C175B64352B}
		{194CF8DF-2C3C-4ED5-A707-A49BD254CFD5} = {3A503306-BD41-4C12-8179-8C175B64352B}
		{70525C60-BDDA-4898-99C7-4CED5DE89209} = {3A503306-BD41-4C12-8179-8C175B64352B}
		{614406A8-6567-4D15-A18C-9D6B6F665E12} = {3A503306-BD41-4C12-8179-8C175B64352B}
		{6E915A76-2241-4AAD-99CA-66ADF6D85F24} = {3A503306-BD41-4C12-8179-8C175B64352B}
		{0F24C5CE-727C-4D16-ABD9-40F2FCFDADCB} = {3A503306-BD41-4C12-8179-8C175B64352B}
		{51D57009-EA69-43C6-B8F7-1227FFF7EDD7} = {3A503306-BD41-4C12-8179-8C175B64352B}
		{3D0A60F6-F99C-41AE-A15B-EF47FBBA385B} = {3A503306-BD41-4C12-8179-8C175B64352B}
		{570BDA1D-E6F0-43C6-9632-E1CA1AD698CA} = {3A503306-BD41-4C12-8179-8C175B64352B}
		{E56DFA00-CE20-43A3-BCB0-200CB6E3D826} = {3A503306-BD41-4C12-8179-8C175B64352B}
		{D328198A-51A9-41AF-98A1-3E2D657BA405} = {3A503306-BD41-4C12-8179-8C175B64352B}
		{D2E6E369-3000-4964-BA4B-69EE19CDB6F0} = {3A503306-BD41-4C12-8179-8C175B64352B}
		{30D930A7-28B9-4AFB-A68F-17A428495B98} = {3A503306-BD41-4C12-8179-8C175B64352B}
		{667FCA2F-3CDE-475C-A419-9D7D5A9D4EC0} = {3A503306-BD41-4C12-8179-8C175B64352B}
		{62309A89-28AF-4AF4-BC0C-E0F36656C072} = {3A503306-BD41-4C12-8179-8C175B64352B}
		{1FD42924-31FB-4F86-BD7A-C7807648F7B9} = {3A503306-BD41-4C12-8179-8C175B64352B}
		{1AD300EC-0BD3-4A75-9B81-8245C437829F} = {3A503306-BD41-4C12-8179-8C175B64352B}
		{4D22462C-C23B-4633-8212-6E2678528C2B} = {3A503306-BD41-4C12-8179-8C175B64352B}
		{7E4E8F5B-1CAC-429E-A953-5E505553133D} = {3A503306-BD41-4C12-8179-8C175B64352B}
		{94D6C1E5-409F-49F3-8BCC-9ECFC4950647} = {04A3211F-97F1-4A4F-9F88-A3506D5C855F}
		{059BCD23-CCC7-442C-B925-130B37F0E3C1} = {04A3211F-97F1-4A4F-9F88-A3506D5C855F}
		{F9AFD65D-BC9F-4E8F-9666-96D47201E504} = {04A3211F-97F1-4A4F-9F88-A3506D5C855F}
		{93A327A2-4626-4175-A82D-702C47CBAF15} = {04A3211F-97F1-4A4F-9F88-A3506D5C855F}
	EndGlobalSection
	GlobalSection(ExtensibilityGlobals) = postSolution
		SolutionGuid = {1B36F02E-BCFB-4D65-8839-C1EB7C0474D5}
	EndGlobalSection
EndGlobal
