
Microsoft Visual Studio Solution File, Format Version 12.00
# Visual Studio Version 17
VisualStudioVersion = 17.5.002.0
MinimumVisualStudioVersion = 10.0.40219.1
Project("{9A19103F-16F7-4668-BE54-9A1E7A4F7556}") = "рекурсия2", "рекурсия2.csproj", "{E8899A82-A5CD-4570-919E-46C6616797D3}"
EndProject
Global
	GlobalSection(SolutionConfigurationPlatforms) = preSolution
		Debug|Any CPU = Debug|Any CPU
		Release|Any CPU = Release|Any CPU
	EndGlobalSection
	GlobalSection(ProjectConfigurationPlatforms) = postSolution
		{E8899A82-A5CD-4570-919E-46C6616797D3}.Debug|Any CPU.ActiveCfg = Debug|Any CPU
		{E8899A82-A5CD-4570-919E-46C6616797D3}.Debug|Any CPU.Build.0 = Debug|Any CPU
		{E8899A82-A5CD-4570-919E-46C6616797D3}.Release|Any CPU.ActiveCfg = Release|Any CPU
		{E8899A82-A5CD-4570-919E-46C6616797D3}.Release|Any CPU.Build.0 = Release|Any CPU
	EndGlobalSection
	GlobalSection(SolutionProperties) = preSolution
		HideSolutionNode = FALSE
	EndGlobalSection
	GlobalSection(ExtensibilityGlobals) = postSolution
		SolutionGuid = {5737305E-3056-47F7-8D15-B12EAC8E1581}
	EndGlobalSection
EndGlobal
