
Microsoft Visual Studio Solution File, Format Version 12.00
# Visual Studio Version 17
VisualStudioVersion = 17.5.002.0
MinimumVisualStudioVersion = 10.0.40219.1
Project("{9A19103F-16F7-4668-BE54-9A1E7A4F7556}") = "HomeWork009Task68", "HomeWork009Task68.csproj", "{61C589AC-70FB-484A-A34F-2B9AA18BF76C}"
EndProject
Global
	GlobalSection(SolutionConfigurationPlatforms) = preSolution
		Debug|Any CPU = Debug|Any CPU
		Release|Any CPU = Release|Any CPU
	EndGlobalSection
	GlobalSection(ProjectConfigurationPlatforms) = postSolution
		{61C589AC-70FB-484A-A34F-2B9AA18BF76C}.Debug|Any CPU.ActiveCfg = Debug|Any CPU
		{61C589AC-70FB-484A-A34F-2B9AA18BF76C}.Debug|Any CPU.Build.0 = Debug|Any CPU
		{61C589AC-70FB-484A-A34F-2B9AA18BF76C}.Release|Any CPU.ActiveCfg = Release|Any CPU
		{61C589AC-70FB-484A-A34F-2B9AA18BF76C}.Release|Any CPU.Build.0 = Release|Any CPU
	EndGlobalSection
	GlobalSection(SolutionProperties) = preSolution
		HideSolutionNode = FALSE
	EndGlobalSection
	GlobalSection(ExtensibilityGlobals) = postSolution
		SolutionGuid = {56A647DE-71CA-4A02-885F-5A8F3E533B1A}
	EndGlobalSection
EndGlobal
